
Microsoft Visual Studio Solution File, Format Version 12.00
# Visual Studio Version 17
VisualStudioVersion = 17.7.34024.191
MinimumVisualStudioVersion = 10.0.40219.1
Project("{9A19103F-16F7-4668-BE54-9A1E7A4F7556}") = "JobNotesAPI", "JobNotesAPI\JobNotesAPI.csproj", "{AE0601F4-AB94-4BFC-8754-6D1305C42F1D}"
EndProject
Global
	GlobalSection(SolutionConfigurationPlatforms) = preSolution
		Debug|Any CPU = Debug|Any CPU
		Release|Any CPU = Release|Any CPU
	EndGlobalSection
	GlobalSection(ProjectConfigurationPlatforms) = postSolution
		{AE0601F4-AB94-4BFC-8754-6D1305C42F1D}.Debug|Any CPU.ActiveCfg = Debug|Any CPU
		{AE0601F4-AB94-4BFC-8754-6D1305C42F1D}.Debug|Any CPU.Build.0 = Debug|Any CPU
		{AE0601F4-AB94-4BFC-8754-6D1305C42F1D}.Release|Any CPU.ActiveCfg = Release|Any CPU
		{AE0601F4-AB94-4BFC-8754-6D1305C42F1D}.Release|Any CPU.Build.0 = Release|Any CPU
	EndGlobalSection
	GlobalSection(SolutionProperties) = preSolution
		HideSolutionNode = FALSE
	EndGlobalSection
	GlobalSection(ExtensibilityGlobals) = postSolution
		SolutionGuid = {59D5A846-1DA7-4AAB-ACC5-E35CCEAC1E7B}
	EndGlobalSection
EndGlobal
